# This file is automatically @generated by Cargo.
# It is not intended for manual editing.
version = 4

[[package]]
name = "aksel"
version = "0.1.1"
dependencies = [
 "fastnum",
 "num-traits",
]

[[package]]
name = "autocfg"
version = "1.5.0"
source = "registry+https://github.com/rust-lang/crates.io-index"
checksum = "c08606f8c3cbf4ce6ec8e28fb0014a2c086708fe954eaa885384a6165172e7e8"

[[package]]
name = "bnum"
version = "0.12.1"
source = "registry+https://github.com/rust-lang/crates.io-index"
checksum = "f781dba93de3a5ef6dc5b17c9958b208f6f3f021623b360fb605ea51ce443f10"
dependencies = [
 "num-integer",
 "num-traits",
]

[[package]]
name = "fastnum"
version = "0.7.3"
source = "registry+https://github.com/rust-lang/crates.io-index"
checksum = "51f6015da818a5f7d959a39840e777cad2b8b99291e88cb051413fb2ebb81758"
dependencies = [
 "bnum",
 "num-integer",
 "num-traits",
]

[[package]]
name = "num-integer"
version = "0.1.46"
source = "registry+https://github.com/rust-lang/crates.io-index"
checksum = "7969661fd2958a5cb096e56c8e1ad0444ac2bbcd0061bd28660485a44879858f"
dependencies = [
 "num-traits",
]

[[package]]
name = "num-traits"
version = "0.2.19"
source = "registry+https://github.com/rust-lang/crates.io-index"
checksum = "071dfc062690e90b734c0b2273ce72ad0ffa95f0c74596bc250dcfd960262841"
dependencies = [
 "autocfg",
]
